
Microsoft Visual Studio Solution File, Format Version 12.00
# Visual Studio 14
VisualStudioVersion = 14.0.24720.0
MinimumVisualStudioVersion = 10.0.40219.1
Project("{FAE04EC0-301F-11D3-BF4B-00C04F79EFBC}") = "WebFormsInspect", "WebFormsInspect\WebFormsInspect.csproj", "{76E9B3C7-B8D3-4996-8166-FC3FA47EF353}"
EndProject
Project("{FAE04EC0-301F-11D3-BF4B-00C04F79EFBC}") = "WebFormsInspect.Test", "WebFormsInspect.Test\WebFormsInspect.Test.csproj", "{E375706C-B975-4A33-AF08-F28519D443CE}"
EndProject
Global
	GlobalSection(SolutionConfigurationPlatforms) = preSolution
		Debug|Any CPU = Debug|Any CPU
		Release|Any CPU = Release|Any CPU
	EndGlobalSection
	GlobalSection(ProjectConfigurationPlatforms) = postSolution
		{76E9B3C7-B8D3-4996-8166-FC3FA47EF353}.Debug|Any CPU.ActiveCfg = Debug|Any CPU
		{76E9B3C7-B8D3-4996-8166-FC3FA47EF353}.Debug|Any CPU.Build.0 = Debug|Any CPU
		{76E9B3C7-B8D3-4996-8166-FC3FA47EF353}.Release|Any CPU.ActiveCfg = Release|Any CPU
		{76E9B3C7-B8D3-4996-8166-FC3FA47EF353}.Release|Any CPU.Build.0 = Release|Any CPU
		{E375706C-B975-4A33-AF08-F28519D443CE}.Debug|Any CPU.ActiveCfg = Debug|Any CPU
		{E375706C-B975-4A33-AF08-F28519D443CE}.Debug|Any CPU.Build.0 = Debug|Any CPU
		{E375706C-B975-4A33-AF08-F28519D443CE}.Release|Any CPU.ActiveCfg = Release|Any CPU
		{E375706C-B975-4A33-AF08-F28519D443CE}.Release|Any CPU.Build.0 = Release|Any CPU
	EndGlobalSection
	GlobalSection(SolutionProperties) = preSolution
		HideSolutionNode = FALSE
	EndGlobalSection
EndGlobal
